
Microsoft Visual Studio Solution File, Format Version 12.00
# Visual Studio Version 17
VisualStudioVersion = 17.3.32922.545
MinimumVisualStudioVersion = 10.0.40219.1
Project("{FAE04EC0-301F-11D3-BF4B-00C04F79EFBC}") = "HjælpJakob", "HjælpJakob.csproj", "{8E79E925-B0DE-4202-AF0C-A11D56CAA948}"
EndProject
Global
	GlobalSection(SolutionConfigurationPlatforms) = preSolution
		Debug|Any CPU = Debug|Any CPU
		Release|Any CPU = Release|Any CPU
	EndGlobalSection
	GlobalSection(ProjectConfigurationPlatforms) = postSolution
		{8E79E925-B0DE-4202-AF0C-A11D56CAA948}.Debug|Any CPU.ActiveCfg = Debug|Any CPU
		{8E79E925-B0DE-4202-AF0C-A11D56CAA948}.Debug|Any CPU.Build.0 = Debug|Any CPU
		{8E79E925-B0DE-4202-AF0C-A11D56CAA948}.Release|Any CPU.ActiveCfg = Release|Any CPU
		{8E79E925-B0DE-4202-AF0C-A11D56CAA948}.Release|Any CPU.Build.0 = Release|Any CPU
	EndGlobalSection
	GlobalSection(SolutionProperties) = preSolution
		HideSolutionNode = FALSE
	EndGlobalSection
	GlobalSection(ExtensibilityGlobals) = postSolution
		SolutionGuid = {82C12355-8848-4B7E-AF5E-52141BEE700F}
	EndGlobalSection
EndGlobal
